
Microsoft Visual Studio Solution File, Format Version 12.00
Project("{FAE04EC0-301F-11D3-BF4B-00C04F79EFBC}") = "InterestPaymentCalculatorApp", "InterestPaymentCalculatorApp\InterestPaymentCalculatorApp.csproj", "{E71C94B8-8976-42DB-B507-3D1D04E138C6}"
EndProject
Project("{FAE04EC0-301F-11D3-BF4B-00C04F79EFBC}") = "InterestPaymentCalculatorApp.Calculation", "InterestPaymentCalculatorApp.Calculation\InterestPaymentCalculatorApp.Calculation.csproj", "{F22C4D56-8248-4A39-A083-A08C1C11E8B7}"
EndProject
Project("{FAE04EC0-301F-11D3-BF4B-00C04F79EFBC}") = "InterestPaymentCalculatorApp.Abstractions", "InterestPaymentCalculatorApp.Abstractions\InterestPaymentCalculatorApp.Abstractions.csproj", "{6C501D91-DA61-48F9-8927-FD14CC374215}"
EndProject
Project("{FAE04EC0-301F-11D3-BF4B-00C04F79EFBC}") = "InterestPaymentCalculatorApp.Tests", "InterestPaymentCalculatorApp.Tests\InterestPaymentCalculatorApp.Tests.csproj", "{E4D23908-484D-496A-9EB0-793C4F0088B6}"
EndProject
Global
	GlobalSection(SolutionConfigurationPlatforms) = preSolution
		Debug|Any CPU = Debug|Any CPU
		Release|Any CPU = Release|Any CPU
	EndGlobalSection
	GlobalSection(ProjectConfigurationPlatforms) = postSolution
		{E71C94B8-8976-42DB-B507-3D1D04E138C6}.Debug|Any CPU.ActiveCfg = Debug|Any CPU
		{E71C94B8-8976-42DB-B507-3D1D04E138C6}.Debug|Any CPU.Build.0 = Debug|Any CPU
		{E71C94B8-8976-42DB-B507-3D1D04E138C6}.Release|Any CPU.ActiveCfg = Release|Any CPU
		{E71C94B8-8976-42DB-B507-3D1D04E138C6}.Release|Any CPU.Build.0 = Release|Any CPU
		{F22C4D56-8248-4A39-A083-A08C1C11E8B7}.Debug|Any CPU.ActiveCfg = Debug|Any CPU
		{F22C4D56-8248-4A39-A083-A08C1C11E8B7}.Debug|Any CPU.Build.0 = Debug|Any CPU
		{F22C4D56-8248-4A39-A083-A08C1C11E8B7}.Release|Any CPU.ActiveCfg = Release|Any CPU
		{F22C4D56-8248-4A39-A083-A08C1C11E8B7}.Release|Any CPU.Build.0 = Release|Any CPU
		{6C501D91-DA61-48F9-8927-FD14CC374215}.Debug|Any CPU.ActiveCfg = Debug|Any CPU
		{6C501D91-DA61-48F9-8927-FD14CC374215}.Debug|Any CPU.Build.0 = Debug|Any CPU
		{6C501D91-DA61-48F9-8927-FD14CC374215}.Release|Any CPU.ActiveCfg = Release|Any CPU
		{6C501D91-DA61-48F9-8927-FD14CC374215}.Release|Any CPU.Build.0 = Release|Any CPU
		{E4D23908-484D-496A-9EB0-793C4F0088B6}.Debug|Any CPU.ActiveCfg = Debug|Any CPU
		{E4D23908-484D-496A-9EB0-793C4F0088B6}.Debug|Any CPU.Build.0 = Debug|Any CPU
		{E4D23908-484D-496A-9EB0-793C4F0088B6}.Release|Any CPU.ActiveCfg = Release|Any CPU
		{E4D23908-484D-496A-9EB0-793C4F0088B6}.Release|Any CPU.Build.0 = Release|Any CPU
	EndGlobalSection
EndGlobal
